
Microsoft Visual Studio Solution File, Format Version 12.00
# Visual Studio Version 17
VisualStudioVersion = 17.11.35327.3
MinimumVisualStudioVersion = 10.0.40219.1
Project("{8BC9CEB8-8B4A-11D0-8D11-00A0C91BC942}") = "OpenGL_Nanite", "OpenGL_Nanite\OpenGL_Nanite.vcxproj", "{703EB4C5-8CB4-429A-888E-8F99375DB116}"
EndProject
Global
	GlobalSection(SolutionConfigurationPlatforms) = preSolution
		Debug|x64 = Debug|x64
		Debug|x86 = Debug|x86
		Release|x64 = Release|x64
		Release|x86 = Release|x86
	EndGlobalSection
	GlobalSection(ProjectConfigurationPlatforms) = postSolution
		{703EB4C5-8CB4-429A-888E-8F99375DB116}.Debug|x64.ActiveCfg = Debug|x64
		{703EB4C5-8CB4-429A-888E-8F99375DB116}.Debug|x64.Build.0 = Debug|x64
		{703EB4C5-8CB4-429A-888E-8F99375DB116}.Debug|x86.ActiveCfg = Debug|Win32
		{703EB4C5-8CB4-429A-888E-8F99375DB116}.Debug|x86.Build.0 = Debug|Win32
		{703EB4C5-8CB4-429A-888E-8F99375DB116}.Release|x64.ActiveCfg = Release|x64
		{703EB4C5-8CB4-429A-888E-8F99375DB116}.Release|x64.Build.0 = Release|x64
		{703EB4C5-8CB4-429A-888E-8F99375DB116}.Release|x86.ActiveCfg = Release|Win32
		{703EB4C5-8CB4-429A-888E-8F99375DB116}.Release|x86.Build.0 = Release|Win32
	EndGlobalSection
	GlobalSection(SolutionProperties) = preSolution
		HideSolutionNode = FALSE
	EndGlobalSection
	GlobalSection(ExtensibilityGlobals) = postSolution
		SolutionGuid = {C6A0FE8E-4B31-4C40-990A-2808D2EC6DA0}
	EndGlobalSection
EndGlobal
